
Microsoft Visual Studio Solution File, Format Version 12.00
# Visual Studio Version 17
VisualStudioVersion = 17.4.33403.182
MinimumVisualStudioVersion = 10.0.40219.1
Project("{FAE04EC0-301F-11D3-BF4B-00C04F79EFBC}") = "OnlineMedicineDonation.Model", "OnlineMedicineDonation.Model\OnlineMedicineDonation.Model.csproj", "{F88CEC9D-A243-4B15-84B4-FE94F4393EC1}"
EndProject
Project("{FAE04EC0-301F-11D3-BF4B-00C04F79EFBC}") = "OnlineMedicineDonation.Data", "OnlineMedicineDonation.Data\OnlineMedicineDonation.Data.csproj", "{B9B68F9F-F760-4590-A5A3-B661758C3991}"
EndProject
Project("{FAE04EC0-301F-11D3-BF4B-00C04F79EFBC}") = "OnlineMedicineDonation.Services", "OnlineMedicineDonation.Services\OnlineMedicineDonation.Services.csproj", "{5301582E-9CB3-4399-B461-C9BEC7A1EBCC}"
EndProject
Project("{FAE04EC0-301F-11D3-BF4B-00C04F79EFBC}") = "OnlineMedicineDonation.Web", "OnlineMedicineDonation.Web\OnlineMedicineDonation.Web.csproj", "{1F6F40AB-D057-4E70-93F8-B42D19942D78}"
EndProject
Global
	GlobalSection(SolutionConfigurationPlatforms) = preSolution
		Debug|Any CPU = Debug|Any CPU
		Release|Any CPU = Release|Any CPU
	EndGlobalSection
	GlobalSection(ProjectConfigurationPlatforms) = postSolution
		{F88CEC9D-A243-4B15-84B4-FE94F4393EC1}.Debug|Any CPU.ActiveCfg = Debug|Any CPU
		{F88CEC9D-A243-4B15-84B4-FE94F4393EC1}.Debug|Any CPU.Build.0 = Debug|Any CPU
		{F88CEC9D-A243-4B15-84B4-FE94F4393EC1}.Release|Any CPU.ActiveCfg = Release|Any CPU
		{F88CEC9D-A243-4B15-84B4-FE94F4393EC1}.Release|Any CPU.Build.0 = Release|Any CPU
		{B9B68F9F-F760-4590-A5A3-B661758C3991}.Debug|Any CPU.ActiveCfg = Debug|Any CPU
		{B9B68F9F-F760-4590-A5A3-B661758C3991}.Debug|Any CPU.Build.0 = Debug|Any CPU
		{B9B68F9F-F760-4590-A5A3-B661758C3991}.Release|Any CPU.ActiveCfg = Release|Any CPU
		{B9B68F9F-F760-4590-A5A3-B661758C3991}.Release|Any CPU.Build.0 = Release|Any CPU
		{5301582E-9CB3-4399-B461-C9BEC7A1EBCC}.Debug|Any CPU.ActiveCfg = Debug|Any CPU
		{5301582E-9CB3-4399-B461-C9BEC7A1EBCC}.Debug|Any CPU.Build.0 = Debug|Any CPU
		{5301582E-9CB3-4399-B461-C9BEC7A1EBCC}.Release|Any CPU.ActiveCfg = Release|Any CPU
		{5301582E-9CB3-4399-B461-C9BEC7A1EBCC}.Release|Any CPU.Build.0 = Release|Any CPU
		{1F6F40AB-D057-4E70-93F8-B42D19942D78}.Debug|Any CPU.ActiveCfg = Debug|Any CPU
		{1F6F40AB-D057-4E70-93F8-B42D19942D78}.Debug|Any CPU.Build.0 = Debug|Any CPU
		{1F6F40AB-D057-4E70-93F8-B42D19942D78}.Release|Any CPU.ActiveCfg = Release|Any CPU
		{1F6F40AB-D057-4E70-93F8-B42D19942D78}.Release|Any CPU.Build.0 = Release|Any CPU
	EndGlobalSection
	GlobalSection(SolutionProperties) = preSolution
		HideSolutionNode = FALSE
	EndGlobalSection
	GlobalSection(ExtensibilityGlobals) = postSolution
		SolutionGuid = {FCD59DBD-2622-44B8-A465-58E7CAE322A0}
	EndGlobalSection
EndGlobal
